
Microsoft Visual Studio Solution File, Format Version 12.00
# Visual Studio Version 17
VisualStudioVersion = 17.8.34511.84
MinimumVisualStudioVersion = 10.0.40219.1
Project("{9A19103F-16F7-4668-BE54-9A1E7A4F7556}") = "EventAPI", "EventAPI\EventAPI.csproj", "{F9AFD9E3-9E89-4230-BD38-C94E26B8CFFB}"
EndProject
Project("{9A19103F-16F7-4668-BE54-9A1E7A4F7556}") = "EventBusiness", "EventsAPI\EventBusiness.csproj", "{2F19613F-B330-4FCA-BCD7-FD7D4ECBE794}"
EndProject
Project("{9A19103F-16F7-4668-BE54-9A1E7A4F7556}") = "EventData", "EventData\EventData.csproj", "{2DE23FA6-4848-4508-BC85-59AEC755DB07}"
EndProject
Project("{9A19103F-16F7-4668-BE54-9A1E7A4F7556}") = "EventEntity", "EventEntity\EventEntity.csproj", "{41D54ACB-CDDB-4BE4-89C4-481ABD6CC8C5}"
EndProject
Project("{9A19103F-16F7-4668-BE54-9A1E7A4F7556}") = "EventAPI_Testing", "EventAPI_Testing\EventAPI_Testing.csproj", "{DCCC50E4-6646-4461-96AF-00E8B27DF0AA}"
EndProject
Project("{FAE04EC0-301F-11D3-BF4B-00C04F79EFBC}") = "EventLogging", "EventLogging\EventLogging.csproj", "{3C360520-EC67-4A26-9613-3D09480642CC}"
EndProject
Global
	GlobalSection(SolutionConfigurationPlatforms) = preSolution
		Debug|Any CPU = Debug|Any CPU
		Release|Any CPU = Release|Any CPU
	EndGlobalSection
	GlobalSection(ProjectConfigurationPlatforms) = postSolution
		{F9AFD9E3-9E89-4230-BD38-C94E26B8CFFB}.Debug|Any CPU.ActiveCfg = Debug|Any CPU
		{F9AFD9E3-9E89-4230-BD38-C94E26B8CFFB}.Debug|Any CPU.Build.0 = Debug|Any CPU
		{F9AFD9E3-9E89-4230-BD38-C94E26B8CFFB}.Release|Any CPU.ActiveCfg = Release|Any CPU
		{F9AFD9E3-9E89-4230-BD38-C94E26B8CFFB}.Release|Any CPU.Build.0 = Release|Any CPU
		{2F19613F-B330-4FCA-BCD7-FD7D4ECBE794}.Debug|Any CPU.ActiveCfg = Debug|Any CPU
		{2F19613F-B330-4FCA-BCD7-FD7D4ECBE794}.Debug|Any CPU.Build.0 = Debug|Any CPU
		{2F19613F-B330-4FCA-BCD7-FD7D4ECBE794}.Release|Any CPU.ActiveCfg = Release|Any CPU
		{2F19613F-B330-4FCA-BCD7-FD7D4ECBE794}.Release|Any CPU.Build.0 = Release|Any CPU
		{2DE23FA6-4848-4508-BC85-59AEC755DB07}.Debug|Any CPU.ActiveCfg = Debug|Any CPU
		{2DE23FA6-4848-4508-BC85-59AEC755DB07}.Debug|Any CPU.Build.0 = Debug|Any CPU
		{2DE23FA6-4848-4508-BC85-59AEC755DB07}.Release|Any CPU.ActiveCfg = Release|Any CPU
		{2DE23FA6-4848-4508-BC85-59AEC755DB07}.Release|Any CPU.Build.0 = Release|Any CPU
		{41D54ACB-CDDB-4BE4-89C4-481ABD6CC8C5}.Debug|Any CPU.ActiveCfg = Debug|Any CPU
		{41D54ACB-CDDB-4BE4-89C4-481ABD6CC8C5}.Debug|Any CPU.Build.0 = Debug|Any CPU
		{41D54ACB-CDDB-4BE4-89C4-481ABD6CC8C5}.Release|Any CPU.ActiveCfg = Release|Any CPU
		{41D54ACB-CDDB-4BE4-89C4-481ABD6CC8C5}.Release|Any CPU.Build.0 = Release|Any CPU
		{DCCC50E4-6646-4461-96AF-00E8B27DF0AA}.Debug|Any CPU.ActiveCfg = Debug|Any CPU
		{DCCC50E4-6646-4461-96AF-00E8B27DF0AA}.Debug|Any CPU.Build.0 = Debug|Any CPU
		{DCCC50E4-6646-4461-96AF-00E8B27DF0AA}.Release|Any CPU.ActiveCfg = Release|Any CPU
		{DCCC50E4-6646-4461-96AF-00E8B27DF0AA}.Release|Any CPU.Build.0 = Release|Any CPU
		{3C360520-EC67-4A26-9613-3D09480642CC}.Debug|Any CPU.ActiveCfg = Debug|Any CPU
		{3C360520-EC67-4A26-9613-3D09480642CC}.Debug|Any CPU.Build.0 = Debug|Any CPU
		{3C360520-EC67-4A26-9613-3D09480642CC}.Release|Any CPU.ActiveCfg = Release|Any CPU
		{3C360520-EC67-4A26-9613-3D09480642CC}.Release|Any CPU.Build.0 = Release|Any CPU
	EndGlobalSection
	GlobalSection(SolutionProperties) = preSolution
		HideSolutionNode = FALSE
	EndGlobalSection
	GlobalSection(ExtensibilityGlobals) = postSolution
		SolutionGuid = {44C63828-AB37-4426-AF99-12C64D47C70C}
	EndGlobalSection
EndGlobal
